// !$*UTF8*$!
{
	archiveVersion = 1;
	classes = {
	};
	objectVersion = 46;
	objects = {

/* Begin PBXBuildFile section */
		C721C1F81C8DFAFD00FAF710 /* AppDelegate.swift in Sources */ = {isa = PBXBuildFile; fileRef = C721C1F71C8DFAFD00FAF710 /* AppDelegate.swift */; };
		C721C1FA1C8DFAFD00FAF710 /* TravelLocationsMapViewController.swift in Sources */ = {isa = PBXBuildFile; fileRef = C721C1F91C8DFAFD00FAF710 /* TravelLocationsMapViewController.swift */; };
		C721C1FD1C8DFAFD00FAF710 /* Main.storyboard in Resources */ = {isa = PBXBuildFile; fileRef = C721C1FB1C8DFAFD00FAF710 /* Main.storyboard */; };
		C721C2001C8DFAFD00FAF710 /* Virtual_Tourist.xcdatamodeld in Sources */ = {isa = PBXBuildFile; fileRef = C721C1FE1C8DFAFD00FAF710 /* Virtual_Tourist.xcdatamodeld */; };
		C721C2021C8DFAFD00FAF710 /* Assets.xcassets in Resources */ = {isa = PBXBuildFile; fileRef = C721C2011C8DFAFD00FAF710 /* Assets.xcassets */; };
		C721C2051C8DFAFD00FAF710 /* LaunchScreen.storyboard in Resources */ = {isa = PBXBuildFile; fileRef = C721C2031C8DFAFD00FAF710 /* LaunchScreen.storyboard */; };
		C721C20D1C8DFBCF00FAF710 /* CoreDataStackManager.swift in Sources */ = {isa = PBXBuildFile; fileRef = C721C20C1C8DFBCF00FAF710 /* CoreDataStackManager.swift */; };
		C760BA991C8E12530048C1C6 /* PhotoAlbumCollectionViewController.swift in Sources */ = {isa = PBXBuildFile; fileRef = C760BA981C8E12530048C1C6 /* PhotoAlbumCollectionViewController.swift */; };
		C760BA9E1C9DD05F0048C1C6 /* PhotoCollectionViewCell.swift in Sources */ = {isa = PBXBuildFile; fileRef = C760BA9D1C9DD05F0048C1C6 /* PhotoCollectionViewCell.swift */; };
/* End PBXBuildFile section */

/* Begin PBXFileReference section */
		C721C1F41C8DFAFD00FAF710 /* Virtual Tourist.app */ = {isa = PBXFileReference; explicitFileType = wrapper.application; includeInIndex = 0; path = "Virtual Tourist.app"; sourceTree = BUILT_PRODUCTS_DIR; };
		C721C1F71C8DFAFD00FAF710 /* AppDelegate.swift */ = {isa = PBXFileReference; lastKnownFileType = sourcecode.swift; path = AppDelegate.swift; sourceTree = "<group>"; };
		C721C1F91C8DFAFD00FAF710 /* TravelLocationsMapViewController.swift */ = {isa = PBXFileReference; lastKnownFileType = sourcecode.swift; path = TravelLocationsMapViewController.swift; sourceTree = "<group>"; };
		C721C1FC1C8DFAFD00FAF710 /* Base */ = {isa = PBXFileReference; lastKnownFileType = file.storyboard; name = Base; path = Base.lproj/Main.storyboard; sourceTree = "<group>"; };
		C721C1FF1C8DFAFD00FAF710 /* Virtual_Tourist.xcdatamodel */ = {isa = PBXFileReference; lastKnownFileType = wrapper.xcdatamodel; path = Virtual_Tourist.xcdatamodel; sourceTree = "<group>"; };
		C721C2011C8DFAFD00FAF710 /* Assets.xcassets */ = {isa = PBXFileReference; lastKnownFileType = folder.assetcatalog; path = Assets.xcassets; sourceTree = "<group>"; };
		C721C2041C8DFAFD00FAF710 /* Base */ = {isa = PBXFileReference; lastKnownFileType = file.storyboard; name = Base; path = Base.lproj/LaunchScreen.storyboard; sourceTree = "<group>"; };
		C721C2061C8DFAFD00FAF710 /* Info.plist */ = {isa = PBXFileReference; lastKnownFileType = text.plist.xml; path = Info.plist; sourceTree = "<group>"; };
		C721C20C1C8DFBCF00FAF710 /* CoreDataStackManager.swift */ = {isa = PBXFileReference; fileEncoding = 4; lastKnownFileType = sourcecode.swift; path = CoreDataStackManager.swift; sourceTree = "<group>"; };
		C760BA981C8E12530048C1C6 /* PhotoAlbumCollectionViewController.swift */ = {isa = PBXFileReference; fileEncoding = 4; lastKnownFileType = sourcecode.swift; path = PhotoAlbumCollectionViewController.swift; sourceTree = "<group>"; };
		C760BA9D1C9DD05F0048C1C6 /* PhotoCollectionViewCell.swift */ = {isa = PBXFileReference; fileEncoding = 4; lastKnownFileType = sourcecode.swift; path = PhotoCollectionViewCell.swift; sourceTree = "<group>"; };
/* End PBXFileReference section */

/* Begin PBXFrameworksBuildPhase section */
		C721C1F11C8DFAFD00FAF710 /* Frameworks */ = {
			isa = PBXFrameworksBuildPhase;
			buildActionMask = 2147483647;
			files = (
			);
			runOnlyForDeploymentPostprocessing = 0;
		};
/* End PBXFrameworksBuildPhase section */

/* Begin PBXGroup section */
		C721C1EB1C8DFAFD00FAF710 = {
			isa = PBXGroup;
			children = (
				C721C1F61C8DFAFD00FAF710 /* Virtual Tourist */,
				C721C1F51C8DFAFD00FAF710 /* Products */,
			);
			sourceTree = "<group>";
		};
		C721C1F51C8DFAFD00FAF710 /* Products */ = {
			isa = PBXGroup;
			children = (
				C721C1F41C8DFAFD00FAF710 /* Virtual Tourist.app */,
			);
			name = Products;
			sourceTree = "<group>";
		};
		C721C1F61C8DFAFD00FAF710 /* Virtual Tourist */ = {
			isa = PBXGroup;
			children = (
				C721C1F71C8DFAFD00FAF710 /* AppDelegate.swift */,
				C760BA9A1C8F4FED0048C1C6 /* Model */,
				C760BA9B1C8F4FFA0048C1C6 /* Controller */,
				C760BA9C1C8F50150048C1C6 /* View */,
				C721C1FB1C8DFAFD00FAF710 /* Main.storyboard */,
				C721C2011C8DFAFD00FAF710 /* Assets.xcassets */,
				C721C2031C8DFAFD00FAF710 /* LaunchScreen.storyboard */,
				C721C2061C8DFAFD00FAF710 /* Info.plist */,
			);
			path = "Virtual Tourist";
			sourceTree = "<group>";
		};
		C760BA9A1C8F4FED0048C1C6 /* Model */ = {
			isa = PBXGroup;
			children = (
				C721C1FE1C8DFAFD00FAF710 /* Virtual_Tourist.xcdatamodeld */,
				C721C20C1C8DFBCF00FAF710 /* CoreDataStackManager.swift */,
			);
			name = Model;
			sourceTree = "<group>";
		};
		C760BA9B1C8F4FFA0048C1C6 /* Controller */ = {
			isa = PBXGroup;
			children = (
				C721C1F91C8DFAFD00FAF710 /* TravelLocationsMapViewController.swift */,
				C760BA981C8E12530048C1C6 /* PhotoAlbumCollectionViewController.swift */,
			);
			name = Controller;
			sourceTree = "<group>";
		};
		C760BA9C1C8F50150048C1C6 /* View */ = {
			isa = PBXGroup;
			children = (
				C760BA9D1C9DD05F0048C1C6 /* PhotoCollectionViewCell.swift */,
			);
			name = View;
			sourceTree = "<group>";
		};
/* End PBXGroup section */

/* Begin PBXNativeTarget section */
		C721C1F31C8DFAFD00FAF710 /* Virtual Tourist */ = {
			isa = PBXNativeTarget;
			buildConfigurationList = C721C2091C8DFAFD00FAF710 /* Build configuration list for PBXNativeTarget "Virtual Tourist" */;
			buildPhases = (
				C721C1F01C8DFAFD00FAF710 /* Sources */,
				C721C1F11C8DFAFD00FAF710 /* Frameworks */,
				C721C1F21C8DFAFD00FAF710 /* Resources */,
			);
			buildRules = (
			);
			dependencies = (
			);
			name = "Virtual Tourist";
			productName = "Virtual Tourist";
			productReference = C721C1F41C8DFAFD00FAF710 /* Virtual Tourist.app */;
			productType = "com.apple.product-type.application";
		};
/* End PBXNativeTarget section */

/* Begin PBXProject section */
		C721C1EC1C8DFAFD00FAF710 /* Project object */ = {
			isa = PBXProject;
			attributes = {
				LastSwiftUpdateCheck = 0720;
				LastUpgradeCheck = 0720;
				ORGANIZATIONNAME = "Alp Eren Can";
				TargetAttributes = {
					C721C1F31C8DFAFD00FAF710 = {
						CreatedOnToolsVersion = 7.2.1;
					};
				};
			};
			buildConfigurationList = C721C1EF1C8DFAFD00FAF710 /* Build configuration list for PBXProject "Virtual Tourist" */;
			compatibilityVersion = "Xcode 3.2";
			developmentRegion = English;
			hasScannedForEncodings = 0;
			knownRegions = (
				en,
				Base,
			);
			mainGroup = C721C1EB1C8DFAFD00FAF710;
			productRefGroup = C721C1F51C8DFAFD00FAF710 /* Products */;
			projectDirPath = "";
			projectRoot = "";
			targets = (
				C721C1F31C8DFAFD00FAF710 /* Virtual Tourist */,
			);
		};
/* End PBXProject section */

/* Begin PBXResourcesBuildPhase section */
		C721C1F21C8DFAFD00FAF710 /* Resources */ = {
			isa = PBXResourcesBuildPhase;
			buildActionMask = 2147483647;
			files = (
				C721C2051C8DFAFD00FAF710 /* LaunchScreen.storyboard in Resources */,
				C721C2021C8DFAFD00FAF710 /* Assets.xcassets in Resources */,
				C721C1FD1C8DFAFD00FAF710 /* Main.storyboard in Resources */,
			);
			runOnlyForDeploymentPostprocessing = 0;
		};
/* End PBXResourcesBuildPhase section */

/* Begin PBXSourcesBuildPhase section */
		C721C1F01C8DFAFD00FAF710 /* Sources */ = {
			isa = PBXSourcesBuildPhase;
			buildActionMask = 2147483647;
			files = (
				C721C1FA1C8DFAFD00FAF710 /* TravelLocationsMapViewController.swift in Sources */,
				C760BA991C8E12530048C1C6 /* PhotoAlbumCollectionViewController.swift in Sources */,
				C721C20D1C8DFBCF00FAF710 /* CoreDataStackManager.swift in Sources */,
				C721C2001C8DFAFD00FAF710 /* Virtual_Tourist.xcdatamodeld in Sources */,
				C721C1F81C8DFAFD00FAF710 /* AppDelegate.swift in Sources */,
				C760BA9E1C9DD05F0048C1C6 /* PhotoCollectionViewCell.swift in Sources */,
			);
			runOnlyForDeploymentPostprocessing = 0;
		};
/* End PBXSourcesBuildPhase section */

/* Begin PBXVariantGroup section */
		C721C1FB1C8DFAFD00FAF710 /* Main.storyboard */ = {
			isa = PBXVariantGroup;
			children = (
				C721C1FC1C8DFAFD00FAF710 /* Base */,
			);
			name = Main.storyboard;
			sourceTree = "<group>";
		};
		C721C2031C8DFAFD00FAF710 /* LaunchScreen.storyboard */ = {
			isa = PBXVariantGroup;
			children = (
				C721C2041C8DFAFD00FAF710 /* Base */,
			);
			name = LaunchScreen.storyboard;
			sourceTree = "<group>";
		};
/* End PBXVariantGroup section */

/* Begin XCBuildConfiguration section */
		C721C2071C8DFAFD00FAF710 /* Debug */ = {
			isa = XCBuildConfiguration;
			buildSettings = {
				ALWAYS_SEARCH_USER_PATHS = NO;
				CLANG_CXX_LANGUAGE_STANDARD = "gnu++0x";
				CLANG_CXX_LIBRARY = "libc++";
				CLANG_ENABLE_MODULES = YES;
				CLANG_ENABLE_OBJC_ARC = YES;
				CLANG_WARN_BOOL_CONVERSION = YES;
				CLANG_WARN_CONSTANT_CONVERSION = YES;
				CLANG_WARN_DIRECT_OBJC_ISA_USAGE = YES_ERROR;
				CLANG_WARN_EMPTY_BODY = YES;
				CLANG_WARN_ENUM_CONVERSION = YES;
				CLANG_WARN_INT_CONVERSION = YES;
				CLANG_WARN_OBJC_ROOT_CLASS = YES_ERROR;
				CLANG_WARN_UNREACHABLE_CODE = YES;
				CLANG_WARN__DUPLICATE_METHOD_MATCH = YES;
				"CODE_SIGN_IDENTITY[sdk=iphoneos*]" = "iPhone Developer";
				COPY_PHASE_STRIP = NO;
				DEBUG_INFORMATION_FORMAT = dwarf;
				ENABLE_STRICT_OBJC_MSGSEND = YES;
				ENABLE_TESTABILITY = YES;
				GCC_C_LANGUAGE_STANDARD = gnu99;
				GCC_DYNAMIC_NO_PIC = NO;
				GCC_NO_COMMON_BLOCKS = YES;
				GCC_OPTIMIZATION_LEVEL = 0;
				GCC_PREPROCESSOR_DEFINITIONS = (
					"DEBUG=1",
					"$(inherited)",
				);
				GCC_WARN_64_TO_32_BIT_CONVERSION = YES;
				GCC_WARN_ABOUT_RETURN_TYPE = YES_ERROR;
				GCC_WARN_UNDECLARED_SELECTOR = YES;
				GCC_WARN_UNINITIALIZED_AUTOS = YES_AGGRESSIVE;
				GCC_WARN_UNUSED_FUNCTION = YES;
				GCC_WARN_UNUSED_VARIABLE = YES;
				IPHONEOS_DEPLOYMENT_TARGET = 9.2;
				MTL_ENABLE_DEBUG_INFO = YES;
				ONLY_ACTIVE_ARCH = YES;
				SDKROOT = iphoneos;
				SWIFT_OPTIMIZATION_LEVEL = "-Onone";
				TARGETED_DEVICE_FAMILY = "1,2";
			};
			name = Debug;
		};
		C721C2081C8DFAFD00FAF710 /* Release */ = {
			isa = XCBuildConfiguration;
			buildSettings = {
				ALWAYS_SEARCH_USER_PATHS = NO;
				CLANG_CXX_LANGUAGE_STANDARD = "gnu++0x";
				CLANG_CXX_LIBRARY = "libc++";
				CLANG_ENABLE_MODULES = YES;
				CLANG_ENABLE_OBJC_ARC = YES;
				CLANG_WARN_BOOL_CONVERSION = YES;
				CLANG_WARN_CONSTANT_CONVERSION = YES;
				CLANG_WARN_DIRECT_OBJC_ISA_USAGE = YES_ERROR;
				CLANG_WARN_EMPTY_BODY = YES;
				CLANG_WARN_ENUM_CONVERSION = YES;
				CLANG_WARN_INT_CONVERSION = YES;
				CLANG_WARN_OBJC_ROOT_CLASS = YES_ERROR;
				CLANG_WARN_UNREACHABLE_CODE = YES;
				CLANG_WARN__DUPLICATE_METHOD_MATCH = YES;
				"CODE_SIGN_IDENTITY[sdk=iphoneos*]" = "iPhone Developer";
				COPY_PHASE_STRIP = NO;
				DEBUG_INFORMATION_FORMAT = "dwarf-with-dsym";
				ENABLE_NS_ASSERTIONS = NO;
				ENABLE_STRICT_OBJC_MSGSEND = YES;
				GCC_C_LANGUAGE_STANDARD = gnu99;
				GCC_NO_COMMON_BLOCKS = YES;
				GCC_WARN_64_TO_32_BIT_CONVERSION = YES;
				GCC_WARN_ABOUT_RETURN_TYPE = YES_ERROR;
				GCC_WARN_UNDECLARED_SELECTOR = YES;
				GCC_WARN_UNINITIALIZED_AUTOS = YES_AGGRESSIVE;
				GCC_WARN_UNUSED_FUNCTION = YES;
				GCC_WARN_UNUSED_VARIABLE = YES;
				IPHONEOS_DEPLOYMENT_TARGET = 9.2;
				MTL_ENABLE_DEBUG_INFO = NO;
				SDKROOT = iphoneos;
				TARGETED_DEVICE_FAMILY = "1,2";
				VALIDATE_PRODUCT = YES;
			};
			name = Release;
		};
		C721C20A1C8DFAFD00FAF710 /* Debug */ = {
			isa = XCBuildConfiguration;
			buildSettings = {
				ASSETCATALOG_COMPILER_APPICON_NAME = AppIcon;
				INFOPLIST_FILE = "Virtual Tourist/Info.plist";
				LD_RUNPATH_SEARCH_PATHS = "$(inherited) @executable_path/Frameworks";
				PRODUCT_BUNDLE_IDENTIFIER = "com.alperencan.Virtual-Tourist";
				PRODUCT_NAME = "$(TARGET_NAME)";
			};
			name = Debug;
		};
		C721C20B1C8DFAFD00FAF710 /* Release */ = {
			isa = XCBuildConfiguration;
			buildSettings = {
				ASSETCATALOG_COMPILER_APPICON_NAME = AppIcon;
				INFOPLIST_FILE = "Virtual Tourist/Info.plist";
				LD_RUNPATH_SEARCH_PATHS = "$(inherited) @executable_path/Frameworks";
				PRODUCT_BUNDLE_IDENTIFIER = "com.alperencan.Virtual-Tourist";
				PRODUCT_NAME = "$(TARGET_NAME)";
			};
			name = Release;
		};
/* End XCBuildConfiguration section */

/* Begin XCConfigurationList section */
		C721C1EF1C8DFAFD00FAF710 /* Build configuration list for PBXProject "Virtual Tourist" */ = {
			isa = XCConfigurationList;
			buildConfigurations = (
				C721C2071C8DFAFD00FAF710 /* Debug */,
				C721C2081C8DFAFD00FAF710 /* Release */,
			);
			defaultConfigurationIsVisible = 0;
			defaultConfigurationName = Release;
		};
		C721C2091C8DFAFD00FAF710 /* Build configuration list for PBXNativeTarget "Virtual Tourist" */ = {
			isa = XCConfigurationList;
			buildConfigurations = (
				C721C20A1C8DFAFD00FAF710 /* Debug */,
				C721C20B1C8DFAFD00FAF710 /* Release */,
			);
			defaultConfigurationIsVisible = 0;
			defaultConfigurationName = Release;
		};
/* End XCConfigurationList section */

/* Begin XCVersionGroup section */
		C721C1FE1C8DFAFD00FAF710 /* Virtual_Tourist.xcdatamodeld */ = {
			isa = XCVersionGroup;
			children = (
				C721C1FF1C8DFAFD00FAF710 /* Virtual_Tourist.xcdatamodel */,
			);
			currentVersion = C721C1FF1C8DFAFD00FAF710 /* Virtual_Tourist.xcdatamodel */;
			path = Virtual_Tourist.xcdatamodeld;
			sourceTree = "<group>";
			versionGroupType = wrapper.xcdatamodel;
		};
/* End XCVersionGroup section */
	};
	rootObject = C721C1EC1C8DFAFD00FAF710 /* Project object */;
}
